{
  "name": "yande-re-img-viewer",
  "version": "1.0.0",
  "lockfileVersion": 2,
  "requires": true,
  "packages": {
    "": {
      "name": "yande-re-img-viewer",
      "version": "1.0.0",
      "devDependencies": {
        "viewerjs": "^1.11.2"
      }
    },
    "node_modules/viewerjs": {
      "version": "1.11.2",
      "resolved": "https://registry.npmjs.org/viewerjs/-/viewerjs-1.11.2.tgz",
      "integrity": "sha512-z7N9R91ORhtLvOUxN7GoIl+MFVVMbtWNB1T2UmTKuMlzc4EevS+/bletZcIwDf8RIUzk2CFMdleQzcsjsfLl+A==",
      "dev": true
    }
  },
  "dependencies": {
    "viewerjs": {
      "version": "1.11.2",
      "resolved": "https://registry.npmjs.org/viewerjs/-/viewerjs-1.11.2.tgz",
      "integrity": "sha512-z7N9R91ORhtLvOUxN7GoIl+MFVVMbtWNB1T2UmTKuMlzc4EevS+/bletZcIwDf8RIUzk2CFMdleQzcsjsfLl+A==",
      "dev": true
    }
  }
}
